
Microsoft Visual Studio Solution File, Format Version 12.00
# Visual Studio Version 16
VisualStudioVersion = 16.0.28803.156
MinimumVisualStudioVersion = 10.0.40219.1
Project("{FAE04EC0-301F-11D3-BF4B-00C04F79EFBC}") = "WagoModbusNet", "WagoModbusNet\WagoModbusNet.csproj", "{08875771-EF44-435E-9CBC-CE963563C72F}"
EndProject
Project("{FAE04EC0-301F-11D3-BF4B-00C04F79EFBC}") = "WMN_WinFormExample01", "WMN_WinFormExample01\WMN_WinFormExample01.csproj", "{D8F1A31A-CA98-4329-8E02-4C09D4230FB2}"
EndProject
Project("{FAE04EC0-301F-11D3-BF4B-00C04F79EFBC}") = "WMN_WinFormExample02", "WMN_WinFormExample02\WMN_WinFormExample02.csproj", "{DAFCE6BA-5F58-44CC-8F25-D9BA988523BE}"
EndProject
Project("{FAE04EC0-301F-11D3-BF4B-00C04F79EFBC}") = "WMN_ConsoleExample01", "WMN_ConsoleExample01\WMN_ConsoleExample01.csproj", "{D4752F48-0F25-45A9-A0BD-E09B46BFD79C}"
EndProject
Project("{FAE04EC0-301F-11D3-BF4B-00C04F79EFBC}") = "WMN_WinFormExample03", "WMN_WinFormExample03\WMN_WinFormExample03.csproj", "{EB3CB01E-92C8-4423-87C6-74C27660459D}"
EndProject
Project("{FAE04EC0-301F-11D3-BF4B-00C04F79EFBC}") = "WMN_WinFormExample04", "WMN_WinFormExample04\WMN_WinFormExample04.csproj", "{6B6F733B-3587-4C85-A261-C7A1287A9B61}"
EndProject
Global
	GlobalSection(SolutionConfigurationPlatforms) = preSolution
		Debug|x86 = Debug|x86
		Release|x86 = Release|x86
	EndGlobalSection
	GlobalSection(ProjectConfigurationPlatforms) = postSolution
		{08875771-EF44-435E-9CBC-CE963563C72F}.Debug|x86.ActiveCfg = Debug|x86
		{08875771-EF44-435E-9CBC-CE963563C72F}.Debug|x86.Build.0 = Debug|x86
		{08875771-EF44-435E-9CBC-CE963563C72F}.Release|x86.ActiveCfg = Release|x86
		{08875771-EF44-435E-9CBC-CE963563C72F}.Release|x86.Build.0 = Release|x86
		{D8F1A31A-CA98-4329-8E02-4C09D4230FB2}.Debug|x86.ActiveCfg = Debug|x86
		{D8F1A31A-CA98-4329-8E02-4C09D4230FB2}.Debug|x86.Build.0 = Debug|x86
		{D8F1A31A-CA98-4329-8E02-4C09D4230FB2}.Release|x86.ActiveCfg = Release|x86
		{D8F1A31A-CA98-4329-8E02-4C09D4230FB2}.Release|x86.Build.0 = Release|x86
		{DAFCE6BA-5F58-44CC-8F25-D9BA988523BE}.Debug|x86.ActiveCfg = Debug|x86
		{DAFCE6BA-5F58-44CC-8F25-D9BA988523BE}.Debug|x86.Build.0 = Debug|x86
		{DAFCE6BA-5F58-44CC-8F25-D9BA988523BE}.Release|x86.ActiveCfg = Release|x86
		{DAFCE6BA-5F58-44CC-8F25-D9BA988523BE}.Release|x86.Build.0 = Release|x86
		{D4752F48-0F25-45A9-A0BD-E09B46BFD79C}.Debug|x86.ActiveCfg = Debug|x86
		{D4752F48-0F25-45A9-A0BD-E09B46BFD79C}.Debug|x86.Build.0 = Debug|x86
		{D4752F48-0F25-45A9-A0BD-E09B46BFD79C}.Release|x86.ActiveCfg = Release|x86
		{D4752F48-0F25-45A9-A0BD-E09B46BFD79C}.Release|x86.Build.0 = Release|x86
		{EB3CB01E-92C8-4423-87C6-74C27660459D}.Debug|x86.ActiveCfg = Debug|x86
		{EB3CB01E-92C8-4423-87C6-74C27660459D}.Debug|x86.Build.0 = Debug|x86
		{EB3CB01E-92C8-4423-87C6-74C27660459D}.Release|x86.ActiveCfg = Release|x86
		{EB3CB01E-92C8-4423-87C6-74C27660459D}.Release|x86.Build.0 = Release|x86
		{6B6F733B-3587-4C85-A261-C7A1287A9B61}.Debug|x86.ActiveCfg = Debug|x86
		{6B6F733B-3587-4C85-A261-C7A1287A9B61}.Debug|x86.Build.0 = Debug|x86
		{6B6F733B-3587-4C85-A261-C7A1287A9B61}.Release|x86.ActiveCfg = Release|x86
		{6B6F733B-3587-4C85-A261-C7A1287A9B61}.Release|x86.Build.0 = Release|x86
	EndGlobalSection
	GlobalSection(SolutionProperties) = preSolution
		HideSolutionNode = FALSE
	EndGlobalSection
	GlobalSection(ExtensibilityGlobals) = postSolution
		SolutionGuid = {EFF1EE69-9D2D-4F1D-9E54-EDB5F0876CE0}
	EndGlobalSection
EndGlobal
